
Microsoft Visual Studio Solution File, Format Version 12.00
Project("{FAE04EC0-301F-11D3-BF4B-00C04F79EFBC}") = "Common", "Common\Common.csproj", "{745B5448-5BAE-4F93-9534-744F659C755C}"
EndProject
Project("{FAE04EC0-301F-11D3-BF4B-00C04F79EFBC}") = "CLIClient", "CLIClient\CLIClient.csproj", "{6DF4304C-35ED-45BA-B89C-F5AECA239221}"
EndProject
Project("{FAE04EC0-301F-11D3-BF4B-00C04F79EFBC}") = "GameServer", "GameServer\GameServer.csproj", "{B68B9693-B80C-4F0D-A3E8-919E146FBFE0}"
EndProject
Project("{FAE04EC0-301F-11D3-BF4B-00C04F79EFBC}") = "UnitTestConflictHandler", "UnitTestConflictHandler\UnitTestConflictHandler.csproj", "{B771F34E-48C6-40FC-B79E-775AA5C5F2DA}"
EndProject
Project("{FAE04EC0-301F-11D3-BF4B-00C04F79EFBC}") = "UnitTestPosition", "UnitTestPosition\UnitTestPosition.csproj", "{22084DA1-021B-443D-BAFF-3822DA62865F}"
EndProject
Global
	GlobalSection(SolutionConfigurationPlatforms) = preSolution
		Debug|Any CPU = Debug|Any CPU
		Release|Any CPU = Release|Any CPU
	EndGlobalSection
	GlobalSection(ProjectConfigurationPlatforms) = postSolution
		{745B5448-5BAE-4F93-9534-744F659C755C}.Debug|Any CPU.ActiveCfg = Debug|Any CPU
		{745B5448-5BAE-4F93-9534-744F659C755C}.Debug|Any CPU.Build.0 = Debug|Any CPU
		{745B5448-5BAE-4F93-9534-744F659C755C}.Release|Any CPU.ActiveCfg = Release|Any CPU
		{745B5448-5BAE-4F93-9534-744F659C755C}.Release|Any CPU.Build.0 = Release|Any CPU
		{6DF4304C-35ED-45BA-B89C-F5AECA239221}.Debug|Any CPU.ActiveCfg = Debug|Any CPU
		{6DF4304C-35ED-45BA-B89C-F5AECA239221}.Debug|Any CPU.Build.0 = Debug|Any CPU
		{6DF4304C-35ED-45BA-B89C-F5AECA239221}.Release|Any CPU.ActiveCfg = Release|Any CPU
		{6DF4304C-35ED-45BA-B89C-F5AECA239221}.Release|Any CPU.Build.0 = Release|Any CPU
		{B68B9693-B80C-4F0D-A3E8-919E146FBFE0}.Debug|Any CPU.ActiveCfg = Debug|Any CPU
		{B68B9693-B80C-4F0D-A3E8-919E146FBFE0}.Debug|Any CPU.Build.0 = Debug|Any CPU
		{B68B9693-B80C-4F0D-A3E8-919E146FBFE0}.Release|Any CPU.ActiveCfg = Release|Any CPU
		{B68B9693-B80C-4F0D-A3E8-919E146FBFE0}.Release|Any CPU.Build.0 = Release|Any CPU
		{B771F34E-48C6-40FC-B79E-775AA5C5F2DA}.Debug|Any CPU.ActiveCfg = Debug|Any CPU
		{B771F34E-48C6-40FC-B79E-775AA5C5F2DA}.Debug|Any CPU.Build.0 = Debug|Any CPU
		{B771F34E-48C6-40FC-B79E-775AA5C5F2DA}.Release|Any CPU.ActiveCfg = Release|Any CPU
		{B771F34E-48C6-40FC-B79E-775AA5C5F2DA}.Release|Any CPU.Build.0 = Release|Any CPU
		{22084DA1-021B-443D-BAFF-3822DA62865F}.Debug|Any CPU.ActiveCfg = Debug|Any CPU
		{22084DA1-021B-443D-BAFF-3822DA62865F}.Debug|Any CPU.Build.0 = Debug|Any CPU
		{22084DA1-021B-443D-BAFF-3822DA62865F}.Release|Any CPU.ActiveCfg = Release|Any CPU
		{22084DA1-021B-443D-BAFF-3822DA62865F}.Release|Any CPU.Build.0 = Release|Any CPU
	EndGlobalSection
EndGlobal
